
Microsoft Visual Studio Solution File, Format Version 12.00
# Visual Studio Version 17
VisualStudioVersion = 17.8.34525.116
MinimumVisualStudioVersion = 10.0.40219.1
Project("{FAE04EC0-301F-11D3-BF4B-00C04F79EFBC}") = "POS_Project", "POS_Project\POS_Project.csproj", "{24AD2298-761A-475D-89BD-03BB0D48A5FE}"
EndProject
Global
	GlobalSection(SolutionConfigurationPlatforms) = preSolution
		Debug|Any CPU = Debug|Any CPU
		Release|Any CPU = Release|Any CPU
	EndGlobalSection
	GlobalSection(ProjectConfigurationPlatforms) = postSolution
		{24AD2298-761A-475D-89BD-03BB0D48A5FE}.Debug|Any CPU.ActiveCfg = Debug|Any CPU
		{24AD2298-761A-475D-89BD-03BB0D48A5FE}.Debug|Any CPU.Build.0 = Debug|Any CPU
		{24AD2298-761A-475D-89BD-03BB0D48A5FE}.Release|Any CPU.ActiveCfg = Release|Any CPU
		{24AD2298-761A-475D-89BD-03BB0D48A5FE}.Release|Any CPU.Build.0 = Release|Any CPU
	EndGlobalSection
	GlobalSection(SolutionProperties) = preSolution
		HideSolutionNode = FALSE
	EndGlobalSection
	GlobalSection(ExtensibilityGlobals) = postSolution
		SolutionGuid = {70DE446E-D455-456A-B6E2-7D62160EF869}
	EndGlobalSection
EndGlobal
